dependencies:
  esp-now:
    component_hash: null
    source:
      path: /usr/local/src/esp/esp-now
      type: local
    version: 2.1.0
  espressif/button:
    component_hash: 4d3ea5c1b7a4926c9d027e0bde0188207dadb0d1841d1cec2524f0cddd22f779
    source:
      service_url: https://api.components.espressif.com/
      type: service
    version: 2.5.0
  espressif/cmake_utilities:
    component_hash: aaadeaf0997594781e7fd91cccbfe61cde0d5f9fb8ad4afb215c0c84fa61bef7
    source:
      service_url: https://api.components.espressif.com/
      type: service
    version: 0.4.2
  espressif/led_strip:
    component_hash: f0ae6ac96108743deeea95a3ff61e3759de986b6a63aa0f3a471415e4085da9e
    source:
      service_url: https://api.components.espressif.com/
      type: service
    version: 2.3.0
  espressif/qrcode:
    component_hash: e07c05f9129250d79c62957c02e2f67d3485e917e6953cbc6637324b3a47ea7f
    source:
      service_url: https://api.components.espressif.com/
      type: service
    version: 0.1.0
  idf:
    component_hash: null
    source:
      type: idf
    version: 5.0.1
manifest_hash: 2cc92db1c6e1fea5be3e537a872167ce9c640fc504f8118a147dea4c8c716514
target: esp32
version: 1.0.0
