dependencies:
  espressif/button:
    component_hash: a405a99689f636e84cd67da34a85a88d0d3a1aa514a28f60d18bd370c1378e0b
    dependencies:
    - name: espressif/cmake_utilities
      registry_url: https://components.espressif.com
      require: private
      version: 0.*
    - name: idf
      require: private
      version: '>=4.0'
    source:
      registry_url: https://components.espressif.com/
      type: service
    version: 4.0.0
  espressif/cmake_utilities:
    component_hash: 6983933aa165d5c1bd8ff3716f8873b4dd8577020d9176d22d8568b139ff8753
    dependencies:
    - name: idf
      require: private
      version: '>=4.1'
    source:
      registry_url: https://components.espressif.com
      type: service
    version: 0.1.0
  espressif/esp-now:
    component_hash: 56f902e978ec0b70528ad30a45265b56bf2b91653d13e0badc78159f39f41ece
    dependencies:
    - name: idf
      require: private
      version: '>=4.4'
    - name: espressif/cmake_utilities
      registry_url: https://components.espressif.com
      require: private
      version: 0.*
    source:
      registry_url: https://components.espressif.com/
      type: service
    version: 2.5.2
  espressif/led_indicator:
    component_hash: daa844acf7886b78fa4ea25c9dd6a4fb3a83f793a307187026be1c237fba632a
    dependencies:
    - name: idf
      require: private
      version: '>=4.0'
    - name: espressif/cmake_utilities
      registry_url: https://components.espressif.com
      require: private
      version: ~0.1.0
    source:
      registry_url: https://components.espressif.com/
      type: service
    version: 0.3.0
  espressif/qrcode:
    component_hash: 3b493771bc5d6ad30cbf87c25bf784aada8a08c941504355b55d6b75518ed7bc
    dependencies: []
    source:
      registry_url: https://components.espressif.com/
      type: service
    version: 0.1.0~2
  idf:
    source:
      type: idf
    version: 5.4.0
direct_dependencies:
- espressif/button
- espressif/esp-now
- espressif/led_indicator
- espressif/qrcode
- idf
manifest_hash: 0935dc490bb39049a08670eba0b464fcc6bfb9cc1052662d4d6f65500e80aa00
target: esp32
version: 2.0.0
