dependencies:
  espressif/button:
    component_hash: 4d3ea5c1b7a4926c9d027e0bde0188207dadb0d1841d1cec2524f0cddd22f779
    source:
      service_url: https://api.components.espressif.com/
      type: service
    version: 2.5.0
  espressif/cmake_utilities:
    component_hash: 6983933aa165d5c1bd8ff3716f8873b4dd8577020d9176d22d8568b139ff8753
    source:
      service_url: https://api.components.espressif.com/
      type: service
    version: 0.1.0
  espressif/esp-now:
    component_hash: da3ad9ba09048702516538938b405b0915938cc9892fb7f81dfd0f0fc769ad55
    source:
      service_url: https://api.components.espressif.com/
      type: service
    version: 2.2.0
  espressif/led_indicator:
    component_hash: daa844acf7886b78fa4ea25c9dd6a4fb3a83f793a307187026be1c237fba632a
    source:
      service_url: https://api.components.espressif.com/
      type: service
    version: 0.3.0
  espressif/qrcode:
    component_hash: e07c05f9129250d79c62957c02e2f67d3485e917e6953cbc6637324b3a47ea7f
    source:
      service_url: https://api.components.espressif.com/
      type: service
    version: 0.1.0
  idf:
    component_hash: null
    source:
      type: idf
    version: 5.0.2
manifest_hash: 2229c80f68a9af5ab2b8c52e978c9208794f4f48d5fb9da2ad6caed04c8b0e0c
target: esp32
version: 1.0.0
